
Microsoft Visual Studio Solution File, Format Version 12.00
# Visual Studio Version 16
VisualStudioVersion = 16.0.30011.22
MinimumVisualStudioVersion = 10.0.40219.1
Project("{9A19103F-16F7-4668-BE54-9A1E7A4F7556}") = "OsuQqBotHttp", "OsuQqBotHttp\OsuQqBotHttp.csproj", "{CC06F456-CB9F-4A6F-9D7B-AD702003C597}"
EndProject
Project("{9A19103F-16F7-4668-BE54-9A1E7A4F7556}") = "OsuQqBot", "OsuQqBot\OsuQqBot.csproj", "{CA198E3B-B788-4CB9-A4AC-74836A08B02F}"
EndProject
Project("{9A19103F-16F7-4668-BE54-9A1E7A4F7556}") = "Bleatingsheep.OsuMixedApi", "Bleatingsheep.OsuApiClient\Bleatingsheep.OsuMixedApi.csproj", "{7A8C5120-70EE-4061-8AEC-7405E155A81E}"
EndProject
Project("{9A19103F-16F7-4668-BE54-9A1E7A4F7556}") = "Bleatingsheep.OsuQqBot.Database", "Bleatingsheep.OsuQqBot.Database\Bleatingsheep.OsuQqBot.Database.csproj", "{1A110CC5-B7EE-4925-85A5-9C8A429531D6}"
EndProject
Project("{9A19103F-16F7-4668-BE54-9A1E7A4F7556}") = "Sisters.WudiLib", "..\Sisters.WudiLib\Sisters.WudiLib\Sisters.WudiLib.csproj", "{2B999C5F-99E7-45B2-AA35-02BCE594AED6}"
EndProject
Project("{9A19103F-16F7-4668-BE54-9A1E7A4F7556}") = "Bleatingsheep.NewHydrant", "Bleatingsheep.NewHydrant\Bleatingsheep.NewHydrant.csproj", "{23ED3ADF-4258-41AE-8451-A6F63AF3A19B}"
EndProject
Project("{9A19103F-16F7-4668-BE54-9A1E7A4F7556}") = "Bleatingsheep.NewHydrant.Irc", "Bleatingsheep.NewHydrant.Irc\Bleatingsheep.NewHydrant.Irc.csproj", "{65562187-7328-4DF4-99C0-9DEEE0678BD3}"
EndProject
Project("{9A19103F-16F7-4668-BE54-9A1E7A4F7556}") = "Bleatingsheep.NewHydrant.Data", "Bleatingsheep.NewHydrant.Data\Bleatingsheep.NewHydrant.Data.csproj", "{03770784-53F1-419D-AB1D-96613F87B881}"
EndProject
Project("{9A19103F-16F7-4668-BE54-9A1E7A4F7556}") = "UnitTests", "UnitTests\UnitTests.csproj", "{929DD942-07A5-48E1-9761-645919A2CE1F}"
EndProject
Project("{9A19103F-16F7-4668-BE54-9A1E7A4F7556}") = "Bleatingsheep.NewHydrant.Bot", "Bleatingsheep.NewHydrant.Bot\Bleatingsheep.NewHydrant.Bot.csproj", "{A28CF984-AA36-487C-8C7C-35E8B33F116C}"
EndProject
Project("{9A19103F-16F7-4668-BE54-9A1E7A4F7556}") = "MotherShipDatabase", "..\..\..\..\..\source\repos\MotherShipDatabase\MotherShipDatabase\MotherShipDatabase.csproj", "{36105D74-27BE-435A-8E96-DE6DB2A60CB7}"
EndProject
Global
	GlobalSection(SolutionConfigurationPlatforms) = preSolution
		Debug|Any CPU = Debug|Any CPU
		Release|Any CPU = Release|Any CPU
	EndGlobalSection
	GlobalSection(ProjectConfigurationPlatforms) = postSolution
		{CC06F456-CB9F-4A6F-9D7B-AD702003C597}.Debug|Any CPU.ActiveCfg = Debug|Any CPU
		{CC06F456-CB9F-4A6F-9D7B-AD702003C597}.Debug|Any CPU.Build.0 = Debug|Any CPU
		{CC06F456-CB9F-4A6F-9D7B-AD702003C597}.Release|Any CPU.ActiveCfg = Release|Any CPU
		{CC06F456-CB9F-4A6F-9D7B-AD702003C597}.Release|Any CPU.Build.0 = Release|Any CPU
		{CA198E3B-B788-4CB9-A4AC-74836A08B02F}.Debug|Any CPU.ActiveCfg = Debug|Any CPU
		{CA198E3B-B788-4CB9-A4AC-74836A08B02F}.Debug|Any CPU.Build.0 = Debug|Any CPU
		{CA198E3B-B788-4CB9-A4AC-74836A08B02F}.Release|Any CPU.ActiveCfg = Release|Any CPU
		{CA198E3B-B788-4CB9-A4AC-74836A08B02F}.Release|Any CPU.Build.0 = Release|Any CPU
		{7A8C5120-70EE-4061-8AEC-7405E155A81E}.Debug|Any CPU.ActiveCfg = Debug|Any CPU
		{7A8C5120-70EE-4061-8AEC-7405E155A81E}.Debug|Any CPU.Build.0 = Debug|Any CPU
		{7A8C5120-70EE-4061-8AEC-7405E155A81E}.Release|Any CPU.ActiveCfg = Release|Any CPU
		{7A8C5120-70EE-4061-8AEC-7405E155A81E}.Release|Any CPU.Build.0 = Release|Any CPU
		{1A110CC5-B7EE-4925-85A5-9C8A429531D6}.Debug|Any CPU.ActiveCfg = Debug|Any CPU
		{1A110CC5-B7EE-4925-85A5-9C8A429531D6}.Debug|Any CPU.Build.0 = Debug|Any CPU
		{1A110CC5-B7EE-4925-85A5-9C8A429531D6}.Release|Any CPU.ActiveCfg = Release|Any CPU
		{1A110CC5-B7EE-4925-85A5-9C8A429531D6}.Release|Any CPU.Build.0 = Release|Any CPU
		{2B999C5F-99E7-45B2-AA35-02BCE594AED6}.Debug|Any CPU.ActiveCfg = Debug|Any CPU
		{2B999C5F-99E7-45B2-AA35-02BCE594AED6}.Debug|Any CPU.Build.0 = Debug|Any CPU
		{2B999C5F-99E7-45B2-AA35-02BCE594AED6}.Release|Any CPU.ActiveCfg = Release|Any CPU
		{2B999C5F-99E7-45B2-AA35-02BCE594AED6}.Release|Any CPU.Build.0 = Release|Any CPU
		{23ED3ADF-4258-41AE-8451-A6F63AF3A19B}.Debug|Any CPU.ActiveCfg = Debug|Any CPU
		{23ED3ADF-4258-41AE-8451-A6F63AF3A19B}.Debug|Any CPU.Build.0 = Debug|Any CPU
		{23ED3ADF-4258-41AE-8451-A6F63AF3A19B}.Release|Any CPU.ActiveCfg = Release|Any CPU
		{23ED3ADF-4258-41AE-8451-A6F63AF3A19B}.Release|Any CPU.Build.0 = Release|Any CPU
		{65562187-7328-4DF4-99C0-9DEEE0678BD3}.Debug|Any CPU.ActiveCfg = Debug|Any CPU
		{65562187-7328-4DF4-99C0-9DEEE0678BD3}.Debug|Any CPU.Build.0 = Debug|Any CPU
		{65562187-7328-4DF4-99C0-9DEEE0678BD3}.Release|Any CPU.ActiveCfg = Release|Any CPU
		{65562187-7328-4DF4-99C0-9DEEE0678BD3}.Release|Any CPU.Build.0 = Release|Any CPU
		{03770784-53F1-419D-AB1D-96613F87B881}.Debug|Any CPU.ActiveCfg = Debug|Any CPU
		{03770784-53F1-419D-AB1D-96613F87B881}.Debug|Any CPU.Build.0 = Debug|Any CPU
		{03770784-53F1-419D-AB1D-96613F87B881}.Release|Any CPU.ActiveCfg = Release|Any CPU
		{03770784-53F1-419D-AB1D-96613F87B881}.Release|Any CPU.Build.0 = Release|Any CPU
		{929DD942-07A5-48E1-9761-645919A2CE1F}.Debug|Any CPU.ActiveCfg = Debug|Any CPU
		{929DD942-07A5-48E1-9761-645919A2CE1F}.Debug|Any CPU.Build.0 = Debug|Any CPU
		{929DD942-07A5-48E1-9761-645919A2CE1F}.Release|Any CPU.ActiveCfg = Release|Any CPU
		{929DD942-07A5-48E1-9761-645919A2CE1F}.Release|Any CPU.Build.0 = Release|Any CPU
		{A28CF984-AA36-487C-8C7C-35E8B33F116C}.Debug|Any CPU.ActiveCfg = Debug|Any CPU
		{A28CF984-AA36-487C-8C7C-35E8B33F116C}.Debug|Any CPU.Build.0 = Debug|Any CPU
		{A28CF984-AA36-487C-8C7C-35E8B33F116C}.Release|Any CPU.ActiveCfg = Release|Any CPU
		{A28CF984-AA36-487C-8C7C-35E8B33F116C}.Release|Any CPU.Build.0 = Release|Any CPU
		{36105D74-27BE-435A-8E96-DE6DB2A60CB7}.Debug|Any CPU.ActiveCfg = Debug|Any CPU
		{36105D74-27BE-435A-8E96-DE6DB2A60CB7}.Debug|Any CPU.Build.0 = Debug|Any CPU
		{36105D74-27BE-435A-8E96-DE6DB2A60CB7}.Release|Any CPU.ActiveCfg = Release|Any CPU
		{36105D74-27BE-435A-8E96-DE6DB2A60CB7}.Release|Any CPU.Build.0 = Release|Any CPU
	EndGlobalSection
	GlobalSection(SolutionProperties) = preSolution
		HideSolutionNode = FALSE
	EndGlobalSection
	GlobalSection(ExtensibilityGlobals) = postSolution
		SolutionGuid = {58D20C04-C48A-4859-AAFD-DF0FDFD2D699}
	EndGlobalSection
EndGlobal
