
Microsoft Visual Studio Solution File, Format Version 12.00
# Visual Studio Version 17
VisualStudioVersion = 17.2.32526.322
MinimumVisualStudioVersion = 10.0.40219.1
Project("{9A19103F-16F7-4668-BE54-9A1E7A4F7556}") = "Bleatingsheep.OsuMixedApi", "Bleatingsheep.OsuApiClient\Bleatingsheep.OsuMixedApi.csproj", "{7A8C5120-70EE-4061-8AEC-7405E155A81E}"
EndProject
Project("{9A19103F-16F7-4668-BE54-9A1E7A4F7556}") = "Bleatingsheep.OsuQqBot.Database", "Bleatingsheep.OsuQqBot.Database\Bleatingsheep.OsuQqBot.Database.csproj", "{1A110CC5-B7EE-4925-85A5-9C8A429531D6}"
EndProject
Project("{9A19103F-16F7-4668-BE54-9A1E7A4F7556}") = "Bleatingsheep.NewHydrant", "Bleatingsheep.NewHydrant\Bleatingsheep.NewHydrant.csproj", "{23ED3ADF-4258-41AE-8451-A6F63AF3A19B}"
EndProject
Project("{9A19103F-16F7-4668-BE54-9A1E7A4F7556}") = "Bleatingsheep.NewHydrant.Data", "Bleatingsheep.NewHydrant.Data\Bleatingsheep.NewHydrant.Data.csproj", "{03770784-53F1-419D-AB1D-96613F87B881}"
EndProject
Project("{9A19103F-16F7-4668-BE54-9A1E7A4F7556}") = "UnitTests", "UnitTests\UnitTests.csproj", "{929DD942-07A5-48E1-9761-645919A2CE1F}"
EndProject
Project("{9A19103F-16F7-4668-BE54-9A1E7A4F7556}") = "Bleatingsheep.NewHydrant.Bot", "Bleatingsheep.NewHydrant.Bot\Bleatingsheep.NewHydrant.Bot.csproj", "{A28CF984-AA36-487C-8C7C-35E8B33F116C}"
EndProject
Project("{9A19103F-16F7-4668-BE54-9A1E7A4F7556}") = "Tests.Database", "Tests.Database\Tests.Database.csproj", "{A7257234-002F-4D8A-A610-C8989A7948E4}"
EndProject
Project("{9A19103F-16F7-4668-BE54-9A1E7A4F7556}") = "Bleatingsheep.NewHydrant.Bot.Public", "Bleatingsheep.NewHydrant.Bot.Public\Bleatingsheep.NewHydrant.Bot.Public.csproj", "{99400647-AC1A-4CA3-8553-DF5E60BC0867}"
EndProject
Project("{9A19103F-16F7-4668-BE54-9A1E7A4F7556}") = "Bleatingsheep.NewHydrant.Bot.Private", "Bleatingsheep.NewHydrant.Bot.Private\Bleatingsheep.NewHydrant.Bot.Private.csproj", "{DF21FAD2-2218-49EC-A516-D31AD75E1731}"
EndProject
Project("{9A19103F-16F7-4668-BE54-9A1E7A4F7556}") = "Bleatingsheep.NewHydrant.Bot.Common", "Bleatingsheep.NewHydrant.Bot.Common\Bleatingsheep.NewHydrant.Bot.Common.csproj", "{6537BC0E-A324-4750-A2AC-514D1A6F19B6}"
EndProject
Project("{9A19103F-16F7-4668-BE54-9A1E7A4F7556}") = "NewHydrantApi", "NewHydrantApi\NewHydrantApi.csproj", "{519A4B7E-2874-4230-9E0E-8B7F622E59AE}"
EndProject
Project("{FAE04EC0-301F-11D3-BF4B-00C04F79EFBC}") = "Bleatingsheep.NewHydrant.DataMaintenance", "Bleatingsheep.NewHydrant.DataMaintenance\Bleatingsheep.NewHydrant.DataMaintenance.csproj", "{E622966A-3A26-45FD-946E-C8EB86437B88}"
EndProject
Global
	GlobalSection(SolutionConfigurationPlatforms) = preSolution
		Debug|Any CPU = Debug|Any CPU
		Release|Any CPU = Release|Any CPU
	EndGlobalSection
	GlobalSection(ProjectConfigurationPlatforms) = postSolution
		{7A8C5120-70EE-4061-8AEC-7405E155A81E}.Debug|Any CPU.ActiveCfg = Debug|Any CPU
		{7A8C5120-70EE-4061-8AEC-7405E155A81E}.Debug|Any CPU.Build.0 = Debug|Any CPU
		{7A8C5120-70EE-4061-8AEC-7405E155A81E}.Release|Any CPU.ActiveCfg = Release|Any CPU
		{7A8C5120-70EE-4061-8AEC-7405E155A81E}.Release|Any CPU.Build.0 = Release|Any CPU
		{1A110CC5-B7EE-4925-85A5-9C8A429531D6}.Debug|Any CPU.ActiveCfg = Debug|Any CPU
		{1A110CC5-B7EE-4925-85A5-9C8A429531D6}.Debug|Any CPU.Build.0 = Debug|Any CPU
		{1A110CC5-B7EE-4925-85A5-9C8A429531D6}.Release|Any CPU.ActiveCfg = Release|Any CPU
		{1A110CC5-B7EE-4925-85A5-9C8A429531D6}.Release|Any CPU.Build.0 = Release|Any CPU
		{23ED3ADF-4258-41AE-8451-A6F63AF3A19B}.Debug|Any CPU.ActiveCfg = Debug|Any CPU
		{23ED3ADF-4258-41AE-8451-A6F63AF3A19B}.Debug|Any CPU.Build.0 = Debug|Any CPU
		{23ED3ADF-4258-41AE-8451-A6F63AF3A19B}.Release|Any CPU.ActiveCfg = Release|Any CPU
		{23ED3ADF-4258-41AE-8451-A6F63AF3A19B}.Release|Any CPU.Build.0 = Release|Any CPU
		{03770784-53F1-419D-AB1D-96613F87B881}.Debug|Any CPU.ActiveCfg = Debug|Any CPU
		{03770784-53F1-419D-AB1D-96613F87B881}.Debug|Any CPU.Build.0 = Debug|Any CPU
		{03770784-53F1-419D-AB1D-96613F87B881}.Release|Any CPU.ActiveCfg = Release|Any CPU
		{03770784-53F1-419D-AB1D-96613F87B881}.Release|Any CPU.Build.0 = Release|Any CPU
		{929DD942-07A5-48E1-9761-645919A2CE1F}.Debug|Any CPU.ActiveCfg = Debug|Any CPU
		{929DD942-07A5-48E1-9761-645919A2CE1F}.Debug|Any CPU.Build.0 = Debug|Any CPU
		{929DD942-07A5-48E1-9761-645919A2CE1F}.Release|Any CPU.ActiveCfg = Release|Any CPU
		{929DD942-07A5-48E1-9761-645919A2CE1F}.Release|Any CPU.Build.0 = Release|Any CPU
		{A28CF984-AA36-487C-8C7C-35E8B33F116C}.Debug|Any CPU.ActiveCfg = Debug|Any CPU
		{A28CF984-AA36-487C-8C7C-35E8B33F116C}.Debug|Any CPU.Build.0 = Debug|Any CPU
		{A28CF984-AA36-487C-8C7C-35E8B33F116C}.Release|Any CPU.ActiveCfg = Release|Any CPU
		{A28CF984-AA36-487C-8C7C-35E8B33F116C}.Release|Any CPU.Build.0 = Release|Any CPU
		{A7257234-002F-4D8A-A610-C8989A7948E4}.Debug|Any CPU.ActiveCfg = Debug|Any CPU
		{A7257234-002F-4D8A-A610-C8989A7948E4}.Debug|Any CPU.Build.0 = Debug|Any CPU
		{A7257234-002F-4D8A-A610-C8989A7948E4}.Release|Any CPU.ActiveCfg = Release|Any CPU
		{A7257234-002F-4D8A-A610-C8989A7948E4}.Release|Any CPU.Build.0 = Release|Any CPU
		{99400647-AC1A-4CA3-8553-DF5E60BC0867}.Debug|Any CPU.ActiveCfg = Debug|Any CPU
		{99400647-AC1A-4CA3-8553-DF5E60BC0867}.Debug|Any CPU.Build.0 = Debug|Any CPU
		{99400647-AC1A-4CA3-8553-DF5E60BC0867}.Release|Any CPU.ActiveCfg = Release|Any CPU
		{99400647-AC1A-4CA3-8553-DF5E60BC0867}.Release|Any CPU.Build.0 = Release|Any CPU
		{DF21FAD2-2218-49EC-A516-D31AD75E1731}.Debug|Any CPU.ActiveCfg = Debug|Any CPU
		{DF21FAD2-2218-49EC-A516-D31AD75E1731}.Debug|Any CPU.Build.0 = Debug|Any CPU
		{DF21FAD2-2218-49EC-A516-D31AD75E1731}.Release|Any CPU.ActiveCfg = Release|Any CPU
		{DF21FAD2-2218-49EC-A516-D31AD75E1731}.Release|Any CPU.Build.0 = Release|Any CPU
		{6537BC0E-A324-4750-A2AC-514D1A6F19B6}.Debug|Any CPU.ActiveCfg = Debug|Any CPU
		{6537BC0E-A324-4750-A2AC-514D1A6F19B6}.Debug|Any CPU.Build.0 = Debug|Any CPU
		{6537BC0E-A324-4750-A2AC-514D1A6F19B6}.Release|Any CPU.ActiveCfg = Release|Any CPU
		{6537BC0E-A324-4750-A2AC-514D1A6F19B6}.Release|Any CPU.Build.0 = Release|Any CPU
		{519A4B7E-2874-4230-9E0E-8B7F622E59AE}.Debug|Any CPU.ActiveCfg = Debug|Any CPU
		{519A4B7E-2874-4230-9E0E-8B7F622E59AE}.Debug|Any CPU.Build.0 = Debug|Any CPU
		{519A4B7E-2874-4230-9E0E-8B7F622E59AE}.Release|Any CPU.ActiveCfg = Release|Any CPU
		{519A4B7E-2874-4230-9E0E-8B7F622E59AE}.Release|Any CPU.Build.0 = Release|Any CPU
		{E622966A-3A26-45FD-946E-C8EB86437B88}.Debug|Any CPU.ActiveCfg = Debug|Any CPU
		{E622966A-3A26-45FD-946E-C8EB86437B88}.Debug|Any CPU.Build.0 = Debug|Any CPU
		{E622966A-3A26-45FD-946E-C8EB86437B88}.Release|Any CPU.ActiveCfg = Release|Any CPU
		{E622966A-3A26-45FD-946E-C8EB86437B88}.Release|Any CPU.Build.0 = Release|Any CPU
	EndGlobalSection
	GlobalSection(SolutionProperties) = preSolution
		HideSolutionNode = FALSE
	EndGlobalSection
	GlobalSection(ExtensibilityGlobals) = postSolution
		SolutionGuid = {58D20C04-C48A-4859-AAFD-DF0FDFD2D699}
	EndGlobalSection
EndGlobal
